// !$*UTF8*$!
{
	archiveVersion = 1;
	classes = {
	};
	objectVersion = 56;
	objects = {

/* Begin PBXBuildFile section */
		044BF4C02B9C95FA00A4D284 /* ListRowView.swift in Sources */ = {isa = PBXBuildFile; fileRef = 044BF4BF2B9C95FA00A4D284 /* ListRowView.swift */; };
		044BF4C22BA2F3B900A4D284 /* AddView.swift in Sources */ = {isa = PBXBuildFile; fileRef = 044BF4C12BA2F3B900A4D284 /* AddView.swift */; };
		044BF4C52BA3041400A4D284 /* ItemModel.swift in Sources */ = {isa = PBXBuildFile; fileRef = 044BF4C42BA3041400A4D284 /* ItemModel.swift */; };
		044BF4C82BA30AE400A4D284 /* ListViewModel.swift in Sources */ = {isa = PBXBuildFile; fileRef = 044BF4C72BA30AE400A4D284 /* ListViewModel.swift */; };
		044BF4CA2BA368A900A4D284 /* NoItemView.swift in Sources */ = {isa = PBXBuildFile; fileRef = 044BF4C92BA368A900A4D284 /* NoItemView.swift */; };
		044BF4CC2BA424BD00A4D284 /* LaunchScreen.storyboard in Resources */ = {isa = PBXBuildFile; fileRef = 044BF4CB2BA424BD00A4D284 /* LaunchScreen.storyboard */; };
		04EDF8082B9B080200F77556 /* TodoListApp.swift in Sources */ = {isa = PBXBuildFile; fileRef = 04EDF8072B9B080200F77556 /* TodoListApp.swift */; };
		04EDF80C2B9B080400F77556 /* Assets.xcassets in Resources */ = {isa = PBXBuildFile; fileRef = 04EDF80B2B9B080400F77556 /* Assets.xcassets */; };
		04EDF80F2B9B080400F77556 /* Preview Assets.xcassets in Resources */ = {isa = PBXBuildFile; fileRef = 04EDF80E2B9B080400F77556 /* Preview Assets.xcassets */; };
		04EDF8192B9B080500F77556 /* TodoListTests.swift in Sources */ = {isa = PBXBuildFile; fileRef = 04EDF8182B9B080500F77556 /* TodoListTests.swift */; };
		04EDF8232B9B080500F77556 /* TodoListUITests.swift in Sources */ = {isa = PBXBuildFile; fileRef = 04EDF8222B9B080500F77556 /* TodoListUITests.swift */; };
		04EDF8252B9B080500F77556 /* TodoListUITestsLaunchTests.swift in Sources */ = {isa = PBXBuildFile; fileRef = 04EDF8242B9B080500F77556 /* TodoListUITestsLaunchTests.swift */; };
		04EDF8332B9B09A200F77556 /* ListView.swift in Sources */ = {isa = PBXBuildFile; fileRef = 04EDF8322B9B09A200F77556 /* ListView.swift */; };
/* End PBXBuildFile section */

/* Begin PBXContainerItemProxy section */
		04EDF8152B9B080500F77556 /* PBXContainerItemProxy */ = {
			isa = PBXContainerItemProxy;
			containerPortal = 04EDF7FC2B9B080200F77556 /* Project object */;
			proxyType = 1;
			remoteGlobalIDString = 04EDF8032B9B080200F77556;
			remoteInfo = TodoList;
		};
		04EDF81F2B9B080500F77556 /* PBXContainerItemProxy */ = {
			isa = PBXContainerItemProxy;
			containerPortal = 04EDF7FC2B9B080200F77556 /* Project object */;
			proxyType = 1;
			remoteGlobalIDString = 04EDF8032B9B080200F77556;
			remoteInfo = TodoList;
		};
/* End PBXContainerItemProxy section */

/* Begin PBXFileReference section */
		044BF4BF2B9C95FA00A4D284 /* ListRowView.swift */ = {isa = PBXFileReference; lastKnownFileType = sourcecode.swift; path = ListRowView.swift; sourceTree = "<group>"; };
		044BF4C12BA2F3B900A4D284 /* AddView.swift */ = {isa = PBXFileReference; lastKnownFileType = sourcecode.swift; path = AddView.swift; sourceTree = "<group>"; };
		044BF4C42BA3041400A4D284 /* ItemModel.swift */ = {isa = PBXFileReference; lastKnownFileType = sourcecode.swift; path = ItemModel.swift; sourceTree = "<group>"; };
		044BF4C72BA30AE400A4D284 /* ListViewModel.swift */ = {isa = PBXFileReference; lastKnownFileType = sourcecode.swift; path = ListViewModel.swift; sourceTree = "<group>"; };
		044BF4C92BA368A900A4D284 /* NoItemView.swift */ = {isa = PBXFileReference; lastKnownFileType = sourcecode.swift; path = NoItemView.swift; sourceTree = "<group>"; };
		044BF4CB2BA424BD00A4D284 /* LaunchScreen.storyboard */ = {isa = PBXFileReference; lastKnownFileType = file.storyboard; path = LaunchScreen.storyboard; sourceTree = "<group>"; };
		04EDF8042B9B080200F77556 /* TodoList.app */ = {isa = PBXFileReference; explicitFileType = wrapper.application; includeInIndex = 0; path = TodoList.app; sourceTree = BUILT_PRODUCTS_DIR; };
		04EDF8072B9B080200F77556 /* TodoListApp.swift */ = {isa = PBXFileReference; lastKnownFileType = sourcecode.swift; path = TodoListApp.swift; sourceTree = "<group>"; };
		04EDF80B2B9B080400F77556 /* Assets.xcassets */ = {isa = PBXFileReference; lastKnownFileType = folder.assetcatalog; path = Assets.xcassets; sourceTree = "<group>"; };
		04EDF80E2B9B080400F77556 /* Preview Assets.xcassets */ = {isa = PBXFileReference; lastKnownFileType = folder.assetcatalog; path = "Preview Assets.xcassets"; sourceTree = "<group>"; };
		04EDF8142B9B080500F77556 /* TodoListTests.xctest */ = {isa = PBXFileReference; explicitFileType = wrapper.cfbundle; includeInIndex = 0; path = TodoListTests.xctest; sourceTree = BUILT_PRODUCTS_DIR; };
		04EDF8182B9B080500F77556 /* TodoListTests.swift */ = {isa = PBXFileReference; lastKnownFileType = sourcecode.swift; path = TodoListTests.swift; sourceTree = "<group>"; };
		04EDF81E2B9B080500F77556 /* TodoListUITests.xctest */ = {isa = PBXFileReference; explicitFileType = wrapper.cfbundle; includeInIndex = 0; path = TodoListUITests.xctest; sourceTree = BUILT_PRODUCTS_DIR; };
		04EDF8222B9B080500F77556 /* TodoListUITests.swift */ = {isa = PBXFileReference; lastKnownFileType = sourcecode.swift; path = TodoListUITests.swift; sourceTree = "<group>"; };
		04EDF8242B9B080500F77556 /* TodoListUITestsLaunchTests.swift */ = {isa = PBXFileReference; lastKnownFileType = sourcecode.swift; path = TodoListUITestsLaunchTests.swift; sourceTree = "<group>"; };
		04EDF8322B9B09A200F77556 /* ListView.swift */ = {isa = PBXFileReference; lastKnownFileType = sourcecode.swift; path = ListView.swift; sourceTree = "<group>"; };
/* End PBXFileReference section */

/* Begin PBXFrameworksBuildPhase section */
		04EDF8012B9B080200F77556 /* Frameworks */ = {
			isa = PBXFrameworksBuildPhase;
			buildActionMask = 2147483647;
			files = (
			);
			runOnlyForDeploymentPostprocessing = 0;
		};
		04EDF8112B9B080500F77556 /* Frameworks */ = {
			isa = PBXFrameworksBuildPhase;
			buildActionMask = 2147483647;
			files = (
			);
			runOnlyForDeploymentPostprocessing = 0;
		};
		04EDF81B2B9B080500F77556 /* Frameworks */ = {
			isa = PBXFrameworksBuildPhase;
			buildActionMask = 2147483647;
			files = (
			);
			runOnlyForDeploymentPostprocessing = 0;
		};
/* End PBXFrameworksBuildPhase section */

/* Begin PBXGroup section */
		044BF4C32BA3040000A4D284 /* Models */ = {
			isa = PBXGroup;
			children = (
				044BF4C42BA3041400A4D284 /* ItemModel.swift */,
			);
			path = Models;
			sourceTree = "<group>";
		};
		044BF4C62BA30AB800A4D284 /* ViewModels */ = {
			isa = PBXGroup;
			children = (
				044BF4C72BA30AE400A4D284 /* ListViewModel.swift */,
			);
			path = ViewModels;
			sourceTree = "<group>";
		};
		04EDF7FB2B9B080200F77556 = {
			isa = PBXGroup;
			children = (
				04EDF8062B9B080200F77556 /* TodoList */,
				04EDF8172B9B080500F77556 /* TodoListTests */,
				04EDF8212B9B080500F77556 /* TodoListUITests */,
				04EDF8052B9B080200F77556 /* Products */,
			);
			sourceTree = "<group>";
		};
		04EDF8052B9B080200F77556 /* Products */ = {
			isa = PBXGroup;
			children = (
				04EDF8042B9B080200F77556 /* TodoList.app */,
				04EDF8142B9B080500F77556 /* TodoListTests.xctest */,
				04EDF81E2B9B080500F77556 /* TodoListUITests.xctest */,
			);
			name = Products;
			sourceTree = "<group>";
		};
		04EDF8062B9B080200F77556 /* TodoList */ = {
			isa = PBXGroup;
			children = (
				044BF4C32BA3040000A4D284 /* Models */,
				044BF4C62BA30AB800A4D284 /* ViewModels */,
				04EDF8312B9B097E00F77556 /* Views */,
				04EDF8072B9B080200F77556 /* TodoListApp.swift */,
				04EDF80B2B9B080400F77556 /* Assets.xcassets */,
				04EDF80D2B9B080400F77556 /* Preview Content */,
			);
			path = TodoList;
			sourceTree = "<group>";
		};
		04EDF80D2B9B080400F77556 /* Preview Content */ = {
			isa = PBXGroup;
			children = (
				04EDF80E2B9B080400F77556 /* Preview Assets.xcassets */,
			);
			path = "Preview Content";
			sourceTree = "<group>";
		};
		04EDF8172B9B080500F77556 /* TodoListTests */ = {
			isa = PBXGroup;
			children = (
				04EDF8182B9B080500F77556 /* TodoListTests.swift */,
			);
			path = TodoListTests;
			sourceTree = "<group>";
		};
		04EDF8212B9B080500F77556 /* TodoListUITests */ = {
			isa = PBXGroup;
			children = (
				04EDF8222B9B080500F77556 /* TodoListUITests.swift */,
				04EDF8242B9B080500F77556 /* TodoListUITestsLaunchTests.swift */,
			);
			path = TodoListUITests;
			sourceTree = "<group>";
		};
		04EDF8312B9B097E00F77556 /* Views */ = {
			isa = PBXGroup;
			children = (
				04EDF8322B9B09A200F77556 /* ListView.swift */,
				044BF4BF2B9C95FA00A4D284 /* ListRowView.swift */,
				044BF4C12BA2F3B900A4D284 /* AddView.swift */,
				044BF4C92BA368A900A4D284 /* NoItemView.swift */,
				044BF4CB2BA424BD00A4D284 /* LaunchScreen.storyboard */,
			);
			path = Views;
			sourceTree = "<group>";
		};
/* End PBXGroup section */

/* Begin PBXNativeTarget section */
		04EDF8032B9B080200F77556 /* TodoList */ = {
			isa = PBXNativeTarget;
			buildConfigurationList = 04EDF8282B9B080500F77556 /* Build configuration list for PBXNativeTarget "TodoList" */;
			buildPhases = (
				04EDF8002B9B080200F77556 /* Sources */,
				04EDF8012B9B080200F77556 /* Frameworks */,
				04EDF8022B9B080200F77556 /* Resources */,
			);
			buildRules = (
			);
			dependencies = (
			);
			name = TodoList;
			productName = TodoList;
			productReference = 04EDF8042B9B080200F77556 /* TodoList.app */;
			productType = "com.apple.product-type.application";
		};
		04EDF8132B9B080500F77556 /* TodoListTests */ = {
			isa = PBXNativeTarget;
			buildConfigurationList = 04EDF82B2B9B080500F77556 /* Build configuration list for PBXNativeTarget "TodoListTests" */;
			buildPhases = (
				04EDF8102B9B080500F77556 /* Sources */,
				04EDF8112B9B080500F77556 /* Frameworks */,
				04EDF8122B9B080500F77556 /* Resources */,
			);
			buildRules = (
			);
			dependencies = (
				04EDF8162B9B080500F77556 /* PBXTargetDependency */,
			);
			name = TodoListTests;
			productName = TodoListTests;
			productReference = 04EDF8142B9B080500F77556 /* TodoListTests.xctest */;
			productType = "com.apple.product-type.bundle.unit-test";
		};
		04EDF81D2B9B080500F77556 /* TodoListUITests */ = {
			isa = PBXNativeTarget;
			buildConfigurationList = 04EDF82E2B9B080500F77556 /* Build configuration list for PBXNativeTarget "TodoListUITests" */;
			buildPhases = (
				04EDF81A2B9B080500F77556 /* Sources */,
				04EDF81B2B9B080500F77556 /* Frameworks */,
				04EDF81C2B9B080500F77556 /* Resources */,
			);
			buildRules = (
			);
			dependencies = (
				04EDF8202B9B080500F77556 /* PBXTargetDependency */,
			);
			name = TodoListUITests;
			productName = TodoListUITests;
			productReference = 04EDF81E2B9B080500F77556 /* TodoListUITests.xctest */;
			productType = "com.apple.product-type.bundle.ui-testing";
		};
/* End PBXNativeTarget section */

/* Begin PBXProject section */
		04EDF7FC2B9B080200F77556 /* Project object */ = {
			isa = PBXProject;
			attributes = {
				BuildIndependentTargetsInParallel = 1;
				LastSwiftUpdateCheck = 1510;
				LastUpgradeCheck = 1510;
				TargetAttributes = {
					04EDF8032B9B080200F77556 = {
						CreatedOnToolsVersion = 15.1;
					};
					04EDF8132B9B080500F77556 = {
						CreatedOnToolsVersion = 15.1;
						TestTargetID = 04EDF8032B9B080200F77556;
					};
					04EDF81D2B9B080500F77556 = {
						CreatedOnToolsVersion = 15.1;
						TestTargetID = 04EDF8032B9B080200F77556;
					};
				};
			};
			buildConfigurationList = 04EDF7FF2B9B080200F77556 /* Build configuration list for PBXProject "TodoList" */;
			compatibilityVersion = "Xcode 14.0";
			developmentRegion = en;
			hasScannedForEncodings = 0;
			knownRegions = (
				en,
				Base,
			);
			mainGroup = 04EDF7FB2B9B080200F77556;
			productRefGroup = 04EDF8052B9B080200F77556 /* Products */;
			projectDirPath = "";
			projectRoot = "";
			targets = (
				04EDF8032B9B080200F77556 /* TodoList */,
				04EDF8132B9B080500F77556 /* TodoListTests */,
				04EDF81D2B9B080500F77556 /* TodoListUITests */,
			);
		};
/* End PBXProject section */

/* Begin PBXResourcesBuildPhase section */
		04EDF8022B9B080200F77556 /* Resources */ = {
			isa = PBXResourcesBuildPhase;
			buildActionMask = 2147483647;
			files = (
				044BF4CC2BA424BD00A4D284 /* LaunchScreen.storyboard in Resources */,
				04EDF80F2B9B080400F77556 /* Preview Assets.xcassets in Resources */,
				04EDF80C2B9B080400F77556 /* Assets.xcassets in Resources */,
			);
			runOnlyForDeploymentPostprocessing = 0;
		};
		04EDF8122B9B080500F77556 /* Resources */ = {
			isa = PBXResourcesBuildPhase;
			buildActionMask = 2147483647;
			files = (
			);
			runOnlyForDeploymentPostprocessing = 0;
		};
		04EDF81C2B9B080500F77556 /* Resources */ = {
			isa = PBXResourcesBuildPhase;
			buildActionMask = 2147483647;
			files = (
			);
			runOnlyForDeploymentPostprocessing = 0;
		};
/* End PBXResourcesBuildPhase section */

/* Begin PBXSourcesBuildPhase section */
		04EDF8002B9B080200F77556 /* Sources */ = {
			isa = PBXSourcesBuildPhase;
			buildActionMask = 2147483647;
			files = (
				044BF4C52BA3041400A4D284 /* ItemModel.swift in Sources */,
				044BF4CA2BA368A900A4D284 /* NoItemView.swift in Sources */,
				044BF4C22BA2F3B900A4D284 /* AddView.swift in Sources */,
				044BF4C82BA30AE400A4D284 /* ListViewModel.swift in Sources */,
				04EDF8082B9B080200F77556 /* TodoListApp.swift in Sources */,
				04EDF8332B9B09A200F77556 /* ListView.swift in Sources */,
				044BF4C02B9C95FA00A4D284 /* ListRowView.swift in Sources */,
			);
			runOnlyForDeploymentPostprocessing = 0;
		};
		04EDF8102B9B080500F77556 /* Sources */ = {
			isa = PBXSourcesBuildPhase;
			buildActionMask = 2147483647;
			files = (
				04EDF8192B9B080500F77556 /* TodoListTests.swift in Sources */,
			);
			runOnlyForDeploymentPostprocessing = 0;
		};
		04EDF81A2B9B080500F77556 /* Sources */ = {
			isa = PBXSourcesBuildPhase;
			buildActionMask = 2147483647;
			files = (
				04EDF8252B9B080500F77556 /* TodoListUITestsLaunchTests.swift in Sources */,
				04EDF8232B9B080500F77556 /* TodoListUITests.swift in Sources */,
			);
			runOnlyForDeploymentPostprocessing = 0;
		};
/* End PBXSourcesBuildPhase section */

/* Begin PBXTargetDependency section */
		04EDF8162B9B080500F77556 /* PBXTargetDependency */ = {
			isa = PBXTargetDependency;
			target = 04EDF8032B9B080200F77556 /* TodoList */;
			targetProxy = 04EDF8152B9B080500F77556 /* PBXContainerItemProxy */;
		};
		04EDF8202B9B080500F77556 /* PBXTargetDependency */ = {
			isa = PBXTargetDependency;
			target = 04EDF8032B9B080200F77556 /* TodoList */;
			targetProxy = 04EDF81F2B9B080500F77556 /* PBXContainerItemProxy */;
		};
/* End PBXTargetDependency section */

/* Begin XCBuildConfiguration section */
		04EDF8262B9B080500F77556 /* Debug */ = {
			isa = XCBuildConfiguration;
			buildSettings = {
				ALWAYS_SEARCH_USER_PATHS = NO;
				ASSETCATALOG_COMPILER_GENERATE_SWIFT_ASSET_SYMBOL_EXTENSIONS = YES;
				CLANG_ANALYZER_NONNULL = YES;
				CLANG_ANALYZER_NUMBER_OBJECT_CONVERSION = YES_AGGRESSIVE;
				CLANG_CXX_LANGUAGE_STANDARD = "gnu++20";
				CLANG_ENABLE_MODULES = YES;
				CLANG_ENABLE_OBJC_ARC = YES;
				CLANG_ENABLE_OBJC_WEAK = YES;
				CLANG_WARN_BLOCK_CAPTURE_AUTORELEASING = YES;
				CLANG_WARN_BOOL_CONVERSION = YES;
				CLANG_WARN_COMMA = YES;
				CLANG_WARN_CONSTANT_CONVERSION = YES;
				CLANG_WARN_DEPRECATED_OBJC_IMPLEMENTATIONS = YES;
				CLANG_WARN_DIRECT_OBJC_ISA_USAGE = YES_ERROR;
				CLANG_WARN_DOCUMENTATION_COMMENTS = YES;
				CLANG_WARN_EMPTY_BODY = YES;
				CLANG_WARN_ENUM_CONVERSION = YES;
				CLANG_WARN_INFINITE_RECURSION = YES;
				CLANG_WARN_INT_CONVERSION = YES;
				CLANG_WARN_NON_LITERAL_NULL_CONVERSION = YES;
				CLANG_WARN_OBJC_IMPLICIT_RETAIN_SELF = YES;
				CLANG_WARN_OBJC_LITERAL_CONVERSION = YES;
				CLANG_WARN_OBJC_ROOT_CLASS = YES_ERROR;
				CLANG_WARN_QUOTED_INCLUDE_IN_FRAMEWORK_HEADER = YES;
				CLANG_WARN_RANGE_LOOP_ANALYSIS = YES;
				CLANG_WARN_STRICT_PROTOTYPES = YES;
				CLANG_WARN_SUSPICIOUS_MOVE = YES;
				CLANG_WARN_UNGUARDED_AVAILABILITY = YES_AGGRESSIVE;
				CLANG_WARN_UNREACHABLE_CODE = YES;
				CLANG_WARN__DUPLICATE_METHOD_MATCH = YES;
				COPY_PHASE_STRIP = NO;
				DEBUG_INFORMATION_FORMAT = dwarf;
				ENABLE_STRICT_OBJC_MSGSEND = YES;
				ENABLE_TESTABILITY = YES;
				ENABLE_USER_SCRIPT_SANDBOXING = YES;
				GCC_C_LANGUAGE_STANDARD = gnu17;
				GCC_DYNAMIC_NO_PIC = NO;
				GCC_NO_COMMON_BLOCKS = YES;
				GCC_OPTIMIZATION_LEVEL = 0;
				GCC_PREPROCESSOR_DEFINITIONS = (
					"DEBUG=1",
					"$(inherited)",
				);
				GCC_WARN_64_TO_32_BIT_CONVERSION = YES;
				GCC_WARN_ABOUT_RETURN_TYPE = YES_ERROR;
				GCC_WARN_UNDECLARED_SELECTOR = YES;
				GCC_WARN_UNINITIALIZED_AUTOS = YES_AGGRESSIVE;
				GCC_WARN_UNUSED_FUNCTION = YES;
				GCC_WARN_UNUSED_VARIABLE = YES;
				IPHONEOS_DEPLOYMENT_TARGET = 17.2;
				LOCALIZATION_PREFERS_STRING_CATALOGS = YES;
				MTL_ENABLE_DEBUG_INFO = INCLUDE_SOURCE;
				MTL_FAST_MATH = YES;
				ONLY_ACTIVE_ARCH = YES;
				SDKROOT = iphoneos;
				SWIFT_ACTIVE_COMPILATION_CONDITIONS = "DEBUG $(inherited)";
				SWIFT_OPTIMIZATION_LEVEL = "-Onone";
			};
			name = Debug;
		};
		04EDF8272B9B080500F77556 /* Release */ = {
			isa = XCBuildConfiguration;
			buildSettings = {
				ALWAYS_SEARCH_USER_PATHS = NO;
				ASSETCATALOG_COMPILER_GENERATE_SWIFT_ASSET_SYMBOL_EXTENSIONS = YES;
				CLANG_ANALYZER_NONNULL = YES;
				CLANG_ANALYZER_NUMBER_OBJECT_CONVERSION = YES_AGGRESSIVE;
				CLANG_CXX_LANGUAGE_STANDARD = "gnu++20";
				CLANG_ENABLE_MODULES = YES;
				CLANG_ENABLE_OBJC_ARC = YES;
				CLANG_ENABLE_OBJC_WEAK = YES;
				CLANG_WARN_BLOCK_CAPTURE_AUTORELEASING = YES;
				CLANG_WARN_BOOL_CONVERSION = YES;
				CLANG_WARN_COMMA = YES;
				CLANG_WARN_CONSTANT_CONVERSION = YES;
				CLANG_WARN_DEPRECATED_OBJC_IMPLEMENTATIONS = YES;
				CLANG_WARN_DIRECT_OBJC_ISA_USAGE = YES_ERROR;
				CLANG_WARN_DOCUMENTATION_COMMENTS = YES;
				CLANG_WARN_EMPTY_BODY = YES;
				CLANG_WARN_ENUM_CONVERSION = YES;
				CLANG_WARN_INFINITE_RECURSION = YES;
				CLANG_WARN_INT_CONVERSION = YES;
				CLANG_WARN_NON_LITERAL_NULL_CONVERSION = YES;
				CLANG_WARN_OBJC_IMPLICIT_RETAIN_SELF = YES;
				CLANG_WARN_OBJC_LITERAL_CONVERSION = YES;
				CLANG_WARN_OBJC_ROOT_CLASS = YES_ERROR;
				CLANG_WARN_QUOTED_INCLUDE_IN_FRAMEWORK_HEADER = YES;
				CLANG_WARN_RANGE_LOOP_ANALYSIS = YES;
				CLANG_WARN_STRICT_PROTOTYPES = YES;
				CLANG_WARN_SUSPICIOUS_MOVE = YES;
				CLANG_WARN_UNGUARDED_AVAILABILITY = YES_AGGRESSIVE;
				CLANG_WARN_UNREACHABLE_CODE = YES;
				CLANG_WARN__DUPLICATE_METHOD_MATCH = YES;
				COPY_PHASE_STRIP = NO;
				DEBUG_INFORMATION_FORMAT = "dwarf-with-dsym";
				ENABLE_NS_ASSERTIONS = NO;
				ENABLE_STRICT_OBJC_MSGSEND = YES;
				ENABLE_USER_SCRIPT_SANDBOXING = YES;
				GCC_C_LANGUAGE_STANDARD = gnu17;
				GCC_NO_COMMON_BLOCKS = YES;
				GCC_WARN_64_TO_32_BIT_CONVERSION = YES;
				GCC_WARN_ABOUT_RETURN_TYPE = YES_ERROR;
				GCC_WARN_UNDECLARED_SELECTOR = YES;
				GCC_WARN_UNINITIALIZED_AUTOS = YES_AGGRESSIVE;
				GCC_WARN_UNUSED_FUNCTION = YES;
				GCC_WARN_UNUSED_VARIABLE = YES;
				IPHONEOS_DEPLOYMENT_TARGET = 17.2;
				LOCALIZATION_PREFERS_STRING_CATALOGS = YES;
				MTL_ENABLE_DEBUG_INFO = NO;
				MTL_FAST_MATH = YES;
				SDKROOT = iphoneos;
				SWIFT_COMPILATION_MODE = wholemodule;
				VALIDATE_PRODUCT = YES;
			};
			name = Release;
		};
		04EDF8292B9B080500F77556 /* Debug */ = {
			isa = XCBuildConfiguration;
			buildSettings = {
				ASSETCATALOG_COMPILER_APPICON_NAME = AppIcon;
				ASSETCATALOG_COMPILER_GLOBAL_ACCENT_COLOR_NAME = AccentColor;
				CODE_SIGN_STYLE = Automatic;
				CURRENT_PROJECT_VERSION = 1;
				DEVELOPMENT_ASSET_PATHS = "\"TodoList/Preview Content\"";
				DEVELOPMENT_TEAM = KPTYZBNYYS;
				ENABLE_PREVIEWS = YES;
				GENERATE_INFOPLIST_FILE = YES;
				INFOPLIST_KEY_UIApplicationSceneManifest_Generation = YES;
				INFOPLIST_KEY_UIApplicationSupportsIndirectInputEvents = YES;
				INFOPLIST_KEY_UILaunchScreen_Generation = YES;
				INFOPLIST_KEY_UILaunchStoryboardName = LaunchScreen.storyboard;
				INFOPLIST_KEY_UISupportedInterfaceOrientations_iPad = "UIInterfaceOrientationPortrait UIInterfaceOrientationPortraitUpsideDown UIInterfaceOrientationLandscapeLeft UIInterfaceOrientationLandscapeRight";
				INFOPLIST_KEY_UISupportedInterfaceOrientations_iPhone = "UIInterfaceOrientationPortrait UIInterfaceOrientationLandscapeLeft UIInterfaceOrientationLandscapeRight";
				LD_RUNPATH_SEARCH_PATHS = (
					"$(inherited)",
					"@executable_path/Frameworks",
				);
				MARKETING_VERSION = 1.0;
				PRODUCT_BUNDLE_IDENTIFIER = com.nanacao.TodoList;
				PRODUCT_NAME = "$(TARGET_NAME)";
				SWIFT_EMIT_LOC_STRINGS = YES;
				SWIFT_VERSION = 5.0;
				TARGETED_DEVICE_FAMILY = "1,2";
			};
			name = Debug;
		};
		04EDF82A2B9B080500F77556 /* Release */ = {
			isa = XCBuildConfiguration;
			buildSettings = {
				ASSETCATALOG_COMPILER_APPICON_NAME = AppIcon;
				ASSETCATALOG_COMPILER_GLOBAL_ACCENT_COLOR_NAME = AccentColor;
				CODE_SIGN_STYLE = Automatic;
				CURRENT_PROJECT_VERSION = 1;
				DEVELOPMENT_ASSET_PATHS = "\"TodoList/Preview Content\"";
				DEVELOPMENT_TEAM = KPTYZBNYYS;
				ENABLE_PREVIEWS = YES;
				GENERATE_INFOPLIST_FILE = YES;
				INFOPLIST_KEY_UIApplicationSceneManifest_Generation = YES;
				INFOPLIST_KEY_UIApplicationSupportsIndirectInputEvents = YES;
				INFOPLIST_KEY_UILaunchScreen_Generation = YES;
				INFOPLIST_KEY_UILaunchStoryboardName = LaunchScreen.storyboard;
				INFOPLIST_KEY_UISupportedInterfaceOrientations_iPad = "UIInterfaceOrientationPortrait UIInterfaceOrientationPortraitUpsideDown UIInterfaceOrientationLandscapeLeft UIInterfaceOrientationLandscapeRight";
				INFOPLIST_KEY_UISupportedInterfaceOrientations_iPhone = "UIInterfaceOrientationPortrait UIInterfaceOrientationLandscapeLeft UIInterfaceOrientationLandscapeRight";
				LD_RUNPATH_SEARCH_PATHS = (
					"$(inherited)",
					"@executable_path/Frameworks",
				);
				MARKETING_VERSION = 1.0;
				PRODUCT_BUNDLE_IDENTIFIER = com.nanacao.TodoList;
				PRODUCT_NAME = "$(TARGET_NAME)";
				SWIFT_EMIT_LOC_STRINGS = YES;
				SWIFT_VERSION = 5.0;
				TARGETED_DEVICE_FAMILY = "1,2";
			};
			name = Release;
		};
		04EDF82C2B9B080500F77556 /* Debug */ = {
			isa = XCBuildConfiguration;
			buildSettings = {
				ALWAYS_EMBED_SWIFT_STANDARD_LIBRARIES = YES;
				BUNDLE_LOADER = "$(TEST_HOST)";
				CODE_SIGN_STYLE = Automatic;
				CURRENT_PROJECT_VERSION = 1;
				DEVELOPMENT_TEAM = KPTYZBNYYS;
				GENERATE_INFOPLIST_FILE = YES;
				IPHONEOS_DEPLOYMENT_TARGET = 17.2;
				MARKETING_VERSION = 1.0;
				PRODUCT_BUNDLE_IDENTIFIER = com.nanacao.TodoListTests;
				PRODUCT_NAME = "$(TARGET_NAME)";
				SWIFT_EMIT_LOC_STRINGS = NO;
				SWIFT_VERSION = 5.0;
				TARGETED_DEVICE_FAMILY = "1,2";
				TEST_HOST = "$(BUILT_PRODUCTS_DIR)/TodoList.app/$(BUNDLE_EXECUTABLE_FOLDER_PATH)/TodoList";
			};
			name = Debug;
		};
		04EDF82D2B9B080500F77556 /* Release */ = {
			isa = XCBuildConfiguration;
			buildSettings = {
				ALWAYS_EMBED_SWIFT_STANDARD_LIBRARIES = YES;
				BUNDLE_LOADER = "$(TEST_HOST)";
				CODE_SIGN_STYLE = Automatic;
				CURRENT_PROJECT_VERSION = 1;
				DEVELOPMENT_TEAM = KPTYZBNYYS;
				GENERATE_INFOPLIST_FILE = YES;
				IPHONEOS_DEPLOYMENT_TARGET = 17.2;
				MARKETING_VERSION = 1.0;
				PRODUCT_BUNDLE_IDENTIFIER = com.nanacao.TodoListTests;
				PRODUCT_NAME = "$(TARGET_NAME)";
				SWIFT_EMIT_LOC_STRINGS = NO;
				SWIFT_VERSION = 5.0;
				TARGETED_DEVICE_FAMILY = "1,2";
				TEST_HOST = "$(BUILT_PRODUCTS_DIR)/TodoList.app/$(BUNDLE_EXECUTABLE_FOLDER_PATH)/TodoList";
			};
			name = Release;
		};
		04EDF82F2B9B080500F77556 /* Debug */ = {
			isa = XCBuildConfiguration;
			buildSettings = {
				ALWAYS_EMBED_SWIFT_STANDARD_LIBRARIES = YES;
				CODE_SIGN_STYLE = Automatic;
				CURRENT_PROJECT_VERSION = 1;
				DEVELOPMENT_TEAM = KPTYZBNYYS;
				GENERATE_INFOPLIST_FILE = YES;
				MARKETING_VERSION = 1.0;
				PRODUCT_BUNDLE_IDENTIFIER = com.nanacao.TodoListUITests;
				PRODUCT_NAME = "$(TARGET_NAME)";
				SWIFT_EMIT_LOC_STRINGS = NO;
				SWIFT_VERSION = 5.0;
				TARGETED_DEVICE_FAMILY = "1,2";
				TEST_TARGET_NAME = TodoList;
			};
			name = Debug;
		};
		04EDF8302B9B080500F77556 /* Release */ = {
			isa = XCBuildConfiguration;
			buildSettings = {
				ALWAYS_EMBED_SWIFT_STANDARD_LIBRARIES = YES;
				CODE_SIGN_STYLE = Automatic;
				CURRENT_PROJECT_VERSION = 1;
				DEVELOPMENT_TEAM = KPTYZBNYYS;
				GENERATE_INFOPLIST_FILE = YES;
				MARKETING_VERSION = 1.0;
				PRODUCT_BUNDLE_IDENTIFIER = com.nanacao.TodoListUITests;
				PRODUCT_NAME = "$(TARGET_NAME)";
				SWIFT_EMIT_LOC_STRINGS = NO;
				SWIFT_VERSION = 5.0;
				TARGETED_DEVICE_FAMILY = "1,2";
				TEST_TARGET_NAME = TodoList;
			};
			name = Release;
		};
/* End XCBuildConfiguration section */

/* Begin XCConfigurationList section */
		04EDF7FF2B9B080200F77556 /* Build configuration list for PBXProject "TodoList" */ = {
			isa = XCConfigurationList;
			buildConfigurations = (
				04EDF8262B9B080500F77556 /* Debug */,
				04EDF8272B9B080500F77556 /* Release */,
			);
			defaultConfigurationIsVisible = 0;
			defaultConfigurationName = Release;
		};
		04EDF8282B9B080500F77556 /* Build configuration list for PBXNativeTarget "TodoList" */ = {
			isa = XCConfigurationList;
			buildConfigurations = (
				04EDF8292B9B080500F77556 /* Debug */,
				04EDF82A2B9B080500F77556 /* Release */,
			);
			defaultConfigurationIsVisible = 0;
			defaultConfigurationName = Release;
		};
		04EDF82B2B9B080500F77556 /* Build configuration list for PBXNativeTarget "TodoListTests" */ = {
			isa = XCConfigurationList;
			buildConfigurations = (
				04EDF82C2B9B080500F77556 /* Debug */,
				04EDF82D2B9B080500F77556 /* Release */,
			);
			defaultConfigurationIsVisible = 0;
			defaultConfigurationName = Release;
		};
		04EDF82E2B9B080500F77556 /* Build configuration list for PBXNativeTarget "TodoListUITests" */ = {
			isa = XCConfigurationList;
			buildConfigurations = (
				04EDF82F2B9B080500F77556 /* Debug */,
				04EDF8302B9B080500F77556 /* Release */,
			);
			defaultConfigurationIsVisible = 0;
			defaultConfigurationName = Release;
		};
/* End XCConfigurationList section */
	};
	rootObject = 04EDF7FC2B9B080200F77556 /* Project object */;
}
